
Microsoft Visual Studio Solution File, Format Version 12.00
# Visual Studio Version 17
VisualStudioVersion = 17.4.33110.190
MinimumVisualStudioVersion = 10.0.40219.1
Project("{9A19103F-16F7-4668-BE54-9A1E7A4F7556}") = "4.12.2", "4.12.1\4.12.2.csproj", "{5BF8ED80-C893-43C0-8E95-411D93717D18}"
EndProject
Global
	GlobalSection(SolutionConfigurationPlatforms) = preSolution
		Debug|Any CPU = Debug|Any CPU
		Release|Any CPU = Release|Any CPU
	EndGlobalSection
	GlobalSection(ProjectConfigurationPlatforms) = postSolution
		{5BF8ED80-C893-43C0-8E95-411D93717D18}.Debug|Any CPU.ActiveCfg = Debug|Any CPU
		{5BF8ED80-C893-43C0-8E95-411D93717D18}.Debug|Any CPU.Build.0 = Debug|Any CPU
		{5BF8ED80-C893-43C0-8E95-411D93717D18}.Release|Any CPU.ActiveCfg = Release|Any CPU
		{5BF8ED80-C893-43C0-8E95-411D93717D18}.Release|Any CPU.Build.0 = Release|Any CPU
	EndGlobalSection
	GlobalSection(SolutionProperties) = preSolution
		HideSolutionNode = FALSE
	EndGlobalSection
	GlobalSection(ExtensibilityGlobals) = postSolution
		SolutionGuid = {5C4A4DDC-1CB3-448E-8229-C4C503ED7F14}
	EndGlobalSection
EndGlobal
